
Microsoft Visual Studio Solution File, Format Version 12.00
# Visual Studio Version 16
VisualStudioVersion = 25.0.1704.2
MinimumVisualStudioVersion = 10.0.40219.1
Project("{FAE04EC0-301F-11D3-BF4B-00C04F79EFBC}") = "ClassMetotDemo", "ClassMetotDemo\ClassMetotDemo.csproj", "{501B4AB6-5873-4C0A-BF65-1E71BEB9B344}"
EndProject
Project("{FAE04EC0-301F-11D3-BF4B-00C04F79EFBC}") = "Musteri", "Musteri\Musteri.csproj", "{D515E075-E457-43CB-B8B3-F620C7B94F18}"
EndProject
Project("{FAE04EC0-301F-11D3-BF4B-00C04F79EFBC}") = "MusteriManager", "MusteriManager\MusteriManager.csproj", "{0037A277-7105-465B-B0D9-51BFA670B667}"
EndProject
Global
	GlobalSection(SolutionConfigurationPlatforms) = preSolution
		Debug|Any CPU = Debug|Any CPU
		Release|Any CPU = Release|Any CPU
	EndGlobalSection
	GlobalSection(ProjectConfigurationPlatforms) = postSolution
		{501B4AB6-5873-4C0A-BF65-1E71BEB9B344}.Debug|Any CPU.ActiveCfg = Debug|Any CPU
		{501B4AB6-5873-4C0A-BF65-1E71BEB9B344}.Debug|Any CPU.Build.0 = Debug|Any CPU
		{501B4AB6-5873-4C0A-BF65-1E71BEB9B344}.Release|Any CPU.ActiveCfg = Release|Any CPU
		{501B4AB6-5873-4C0A-BF65-1E71BEB9B344}.Release|Any CPU.Build.0 = Release|Any CPU
		{D515E075-E457-43CB-B8B3-F620C7B94F18}.Debug|Any CPU.ActiveCfg = Debug|Any CPU
		{D515E075-E457-43CB-B8B3-F620C7B94F18}.Debug|Any CPU.Build.0 = Debug|Any CPU
		{D515E075-E457-43CB-B8B3-F620C7B94F18}.Release|Any CPU.ActiveCfg = Release|Any CPU
		{D515E075-E457-43CB-B8B3-F620C7B94F18}.Release|Any CPU.Build.0 = Release|Any CPU
		{0037A277-7105-465B-B0D9-51BFA670B667}.Debug|Any CPU.ActiveCfg = Debug|Any CPU
		{0037A277-7105-465B-B0D9-51BFA670B667}.Debug|Any CPU.Build.0 = Debug|Any CPU
		{0037A277-7105-465B-B0D9-51BFA670B667}.Release|Any CPU.ActiveCfg = Release|Any CPU
		{0037A277-7105-465B-B0D9-51BFA670B667}.Release|Any CPU.Build.0 = Release|Any CPU
	EndGlobalSection
	GlobalSection(SolutionProperties) = preSolution
		HideSolutionNode = FALSE
	EndGlobalSection
	GlobalSection(ExtensibilityGlobals) = postSolution
		SolutionGuid = {CD96064F-10C5-4B99-B7F0-08C4F894CAD9}
	EndGlobalSection
EndGlobal
